
Microsoft Visual Studio Solution File, Format Version 12.00
# Visual Studio Version 17
VisualStudioVersion = 17.13.35931.197 d17.13
MinimumVisualStudioVersion = 10.0.40219.1
Project("{FAE04EC0-301F-11D3-BF4B-00C04F79EFBC}") = "Calculator-project-C-Shapr", "Calculator-project-C-Shapr.csproj", "{14E3DE6C-755D-4FC5-AAF9-DBE1D0C1A397}"
EndProject
Global
	GlobalSection(SolutionConfigurationPlatforms) = preSolution
		Debug|Any CPU = Debug|Any CPU
		Release|Any CPU = Release|Any CPU
	EndGlobalSection
	GlobalSection(ProjectConfigurationPlatforms) = postSolution
		{14E3DE6C-755D-4FC5-AAF9-DBE1D0C1A397}.Debug|Any CPU.ActiveCfg = Debug|Any CPU
		{14E3DE6C-755D-4FC5-AAF9-DBE1D0C1A397}.Debug|Any CPU.Build.0 = Debug|Any CPU
		{14E3DE6C-755D-4FC5-AAF9-DBE1D0C1A397}.Release|Any CPU.ActiveCfg = Release|Any CPU
		{14E3DE6C-755D-4FC5-AAF9-DBE1D0C1A397}.Release|Any CPU.Build.0 = Release|Any CPU
	EndGlobalSection
	GlobalSection(SolutionProperties) = preSolution
		HideSolutionNode = FALSE
	EndGlobalSection
	GlobalSection(ExtensibilityGlobals) = postSolution
		SolutionGuid = {BF1DB42C-4928-4115-9652-22CF99589FB9}
	EndGlobalSection
EndGlobal
